
Microsoft Visual Studio Solution File, Format Version 10.00
# Visual Basic Express 2008
Project("{F184B08F-C81C-45F6-A57F-5ABD9991F28F}") = "CRMENG1", "CRMENG1\CRMENG1.vbproj", "{98C768D0-E900-4FAA-8AC7-2371D027B4F6}"
EndProject
Global
	GlobalSection(SolutionConfigurationPlatforms) = preSolution
		Debug|Any CPU = Debug|Any CPU
		Release|Any CPU = Release|Any CPU
	EndGlobalSection
	GlobalSection(ProjectConfigurationPlatforms) = postSolution
		{98C768D0-E900-4FAA-8AC7-2371D027B4F6}.Debug|Any CPU.ActiveCfg = Debug|Any CPU
		{98C768D0-E900-4FAA-8AC7-2371D027B4F6}.Debug|Any CPU.Build.0 = Debug|Any CPU
		{98C768D0-E900-4FAA-8AC7-2371D027B4F6}.Release|Any CPU.ActiveCfg = Release|Any CPU
		{98C768D0-E900-4FAA-8AC7-2371D027B4F6}.Release|Any CPU.Build.0 = Release|Any CPU
	EndGlobalSection
	GlobalSection(SolutionProperties) = preSolution
		HideSolutionNode = FALSE
	EndGlobalSection
EndGlobal
